<?xml version="1.0" encoding="utf-8"?>
<Project ToolsVersion="4.0" xmlns="http://schemas.microsoft.com/developer/msbuild/2003">
  <ItemGroup>
    <Filter Include="inc">
      <UniqueIdentifier>{93995380-89BD-4b04-88EB-625FBE52EBFB}</UniqueIdentifier>
      <Extensions>h;hh;hpp;hxx;h++;hm;inl;inc;ipp;xsd</Extensions>
    </Filter>
    <Filter Include="3rd">
      <UniqueIdentifier>{67DA6AB6-F800-4c08-8B7A-83BB121AAD01}</UniqueIdentifier>
      <Extensions>rc;ico;cur;bmp;dlg;rc2;rct;bin;rgs;gif;jpg;jpeg;jpe;resx;tiff;tif;png;wav;mfcribbon-ms</Extensions>
    </Filter>
    <Filter Include="src">
      <UniqueIdentifier>{4FC737F1-C7A5-4376-A066-2A32D752A2FF}</UniqueIdentifier>
      <Extensions>cpp;c;cc;cxx;c++;cppm;ixx;def;odl;idl;hpj;bat;asm;asmx</Extensions>
    </Filter>
    <Filter Include="3rd\SDL3">
      <UniqueIdentifier>{e003d030-02e3-4bdf-8542-5c6b89b11cdc}</UniqueIdentifier>
    </Filter>
    <Filter Include="3rd\glad">
      <UniqueIdentifier>{c1535fcd-a980-4620-8b20-73df7a12a003}</UniqueIdentifier>
    </Filter>
    <Filter Include="3rd\KHR">
      <UniqueIdentifier>{ad9adb55-1981-4143-9d30-ea436275a48a}</UniqueIdentifier>
    </Filter>
    <Filter Include="assets">
      <UniqueIdentifier>{e4da5502-5f02-4e4e-aba2-f99590367b41}</UniqueIdentifier>
    </Filter>
    <Filter Include="assets\shaders">
      <UniqueIdentifier>{914b0b6d-3f4c-4752-9bf3-a09861a15c0a}</UniqueIdentifier>
    </Filter>
    <Filter Include="3rd\stb">
      <UniqueIdentifier>{999fde0e-9018-483b-80e9-4c8c06272923}</UniqueIdentifier>
    </Filter>
    <Filter Include="assets\textures">
      <UniqueIdentifier>{8de82bba-a212-4232-a671-53a231dd81c6}</UniqueIdentifier>
    </Filter>
    <Filter Include="3rd\glm">
      <UniqueIdentifier>{4657ca0a-b3d7-49b7-84c1-e800b263b280}</UniqueIdentifier>
    </Filter>
    <Filter Include="3rd\glm\detail">
      <UniqueIdentifier>{2c4cfd25-9d97-4a4d-b89f-5157b258df44}</UniqueIdentifier>
    </Filter>
    <Filter Include="3rd\glm\ext">
      <UniqueIdentifier>{af12faf9-613a-447f-ad3d-28dbe8f73219}</UniqueIdentifier>
    </Filter>
    <Filter Include="3rd\glm\gtc">
      <UniqueIdentifier>{38ecfd8f-26b9-43ad-80c8-078dfbf9a2b8}</UniqueIdentifier>
    </Filter>
    <Filter Include="3rd\glm\simd">
      <UniqueIdentifier>{351e6c12-8778-4a8e-98ae-d10d6fe4ff38}</UniqueIdentifier>
    </Filter>
    <Filter Include="3rd\glm\gtx">
      <UniqueIdentifier>{f0f0e541-eeae-49ad-bc9c-3da813259cbe}</UniqueIdentifier>
    </Filter>
  </ItemGroup>
  <ItemGroup>
    <ClCompile Include="App.cpp" />
    <ClCompile Include="..\3rd\glad\glad.c">
      <Filter>3rd\glad</Filter>
    </ClCompile>
    <ClCompile Include="src\Shader.cpp">
      <Filter>src</Filter>
    </ClCompile>
    <ClCompile Include="src\GLContext.cpp">
      <Filter>src</Filter>
    </ClCompile>
    <ClCompile Include="src\Texture.cpp">
      <Filter>src</Filter>
    </ClCompile>
    <ClCompile Include="..\3rd\glm\glm.cppm">
      <Filter>3rd\glm</Filter>
    </ClCompile>
    <ClCompile Include="..\3rd\glm\detail\glm.cpp">
      <Filter>3rd\glm\detail</Filter>
    </ClCompile>
    <ClCompile Include="src\Camera.cpp">
      <Filter>src</Filter>
    </ClCompile>
    <ClCompile Include="src\OrthographicCamera.cpp">
      <Filter>src</Filter>
    </ClCompile>
    <ClCompile Include="src\PerspectiveCamera.cpp">
      <Filter>src</Filter>
    </ClCompile>
    <ClCompile Include="src\CameraControl.cpp">
      <Filter>src</Filter>
    </ClCompile>
    <ClCompile Include="src\TrackBallCameraControl.cpp">
      <Filter>src</Filter>
    </ClCompile>
    <ClCompile Include="src\GameCameraControl.cpp">
      <Filter>src</Filter>
    </ClCompile>
    <ClCompile Include="src\Geometry.cpp">
      <Filter>src</Filter>
    </ClCompile>
    <ClCompile Include="src\Object.cpp">
      <Filter>src</Filter>
    </ClCompile>
    <ClCompile Include="src\Material.cpp">
      <Filter>src</Filter>
    </ClCompile>
    <ClCompile Include="src\Renderer.cpp">
      <Filter>src</Filter>
    </ClCompile>
  </ItemGroup>
  <ItemGroup>
    <ClInclude Include="..\3rd\SDL3-3.2.24\include\SDL3\SDL.h">
      <Filter>3rd\SDL3</Filter>
    </ClInclude>
    <ClInclude Include="..\3rd\SDL3-3.2.24\include\SDL3\SDL_assert.h">
      <Filter>3rd\SDL3</Filter>
    </ClInclude>
    <ClInclude Include="..\3rd\SDL3-3.2.24\include\SDL3\SDL_asyncio.h">
      <Filter>3rd\SDL3</Filter>
    </ClInclude>
    <ClInclude Include="..\3rd\SDL3-3.2.24\include\SDL3\SDL_atomic.h">
      <Filter>3rd\SDL3</Filter>
    </ClInclude>
    <ClInclude Include="..\3rd\SDL3-3.2.24\include\SDL3\SDL_audio.h">
      <Filter>3rd\SDL3</Filter>
    </ClInclude>
    <ClInclude Include="..\3rd\SDL3-3.2.24\include\SDL3\SDL_begin_code.h">
      <Filter>3rd\SDL3</Filter>
    </ClInclude>
    <ClInclude Include="..\3rd\SDL3-3.2.24\include\SDL3\SDL_bits.h">
      <Filter>3rd\SDL3</Filter>
    </ClInclude>
    <ClInclude Include="..\3rd\SDL3-3.2.24\include\SDL3\SDL_blendmode.h">
      <Filter>3rd\SDL3</Filter>
    </ClInclude>
    <ClInclude Include="..\3rd\SDL3-3.2.24\include\SDL3\SDL_camera.h">
      <Filter>3rd\SDL3</Filter>
    </ClInclude>
    <ClInclude Include="..\3rd\SDL3-3.2.24\include\SDL3\SDL_clipboard.h">
      <Filter>3rd\SDL3</Filter>
    </ClInclude>
    <ClInclude Include="..\3rd\SDL3-3.2.24\include\SDL3\SDL_close_code.h">
      <Filter>3rd\SDL3</Filter>
    </ClInclude>
    <ClInclude Include="..\3rd\SDL3-3.2.24\include\SDL3\SDL_copying.h">
      <Filter>3rd\SDL3</Filter>
    </ClInclude>
    <ClInclude Include="..\3rd\SDL3-3.2.24\include\SDL3\SDL_cpuinfo.h">
      <Filter>3rd\SDL3</Filter>
    </ClInclude>
    <ClInclude Include="..\3rd\SDL3-3.2.24\include\SDL3\SDL_dialog.h">
      <Filter>3rd\SDL3</Filter>
    </ClInclude>
    <ClInclude Include="..\3rd\SDL3-3.2.24\include\SDL3\SDL_egl.h">
      <Filter>3rd\SDL3</Filter>
    </ClInclude>
    <ClInclude Include="..\3rd\SDL3-3.2.24\include\SDL3\SDL_endian.h">
      <Filter>3rd\SDL3</Filter>
    </ClInclude>
    <ClInclude Include="..\3rd\SDL3-3.2.24\include\SDL3\SDL_error.h">
      <Filter>3rd\SDL3</Filter>
    </ClInclude>
    <ClInclude Include="..\3rd\SDL3-3.2.24\include\SDL3\SDL_events.h">
      <Filter>3rd\SDL3</Filter>
    </ClInclude>
    <ClInclude Include="..\3rd\SDL3-3.2.24\include\SDL3\SDL_filesystem.h">
      <Filter>3rd\SDL3</Filter>
    </ClInclude>
    <ClInclude Include="..\3rd\SDL3-3.2.24\include\SDL3\SDL_gamepad.h">
      <Filter>3rd\SDL3</Filter>
    </ClInclude>
    <ClInclude Include="..\3rd\SDL3-3.2.24\include\SDL3\SDL_gpu.h">
      <Filter>3rd\SDL3</Filter>
    </ClInclude>
    <ClInclude Include="..\3rd\SDL3-3.2.24\include\SDL3\SDL_guid.h">
      <Filter>3rd\SDL3</Filter>
    </ClInclude>
    <ClInclude Include="..\3rd\SDL3-3.2.24\include\SDL3\SDL_haptic.h">
      <Filter>3rd\SDL3</Filter>
    </ClInclude>
    <ClInclude Include="..\3rd\SDL3-3.2.24\include\SDL3\SDL_hidapi.h">
      <Filter>3rd\SDL3</Filter>
    </ClInclude>
    <ClInclude Include="..\3rd\SDL3-3.2.24\include\SDL3\SDL_hints.h">
      <Filter>3rd\SDL3</Filter>
    </ClInclude>
    <ClInclude Include="..\3rd\SDL3-3.2.24\include\SDL3\SDL_init.h">
      <Filter>3rd\SDL3</Filter>
    </ClInclude>
    <ClInclude Include="..\3rd\SDL3-3.2.24\include\SDL3\SDL_intrin.h">
      <Filter>3rd\SDL3</Filter>
    </ClInclude>
    <ClInclude Include="..\3rd\SDL3-3.2.24\include\SDL3\SDL_iostream.h">
      <Filter>3rd\SDL3</Filter>
    </ClInclude>
    <ClInclude Include="..\3rd\SDL3-3.2.24\include\SDL3\SDL_joystick.h">
      <Filter>3rd\SDL3</Filter>
    </ClInclude>
    <ClInclude Include="..\3rd\SDL3-3.2.24\include\SDL3\SDL_keyboard.h">
      <Filter>3rd\SDL3</Filter>
    </ClInclude>
    <ClInclude Include="..\3rd\SDL3-3.2.24\include\SDL3\SDL_keycode.h">
      <Filter>3rd\SDL3</Filter>
    </ClInclude>
    <ClInclude Include="..\3rd\SDL3-3.2.24\include\SDL3\SDL_loadso.h">
      <Filter>3rd\SDL3</Filter>
    </ClInclude>
    <ClInclude Include="..\3rd\SDL3-3.2.24\include\SDL3\SDL_locale.h">
      <Filter>3rd\SDL3</Filter>
    </ClInclude>
    <ClInclude Include="..\3rd\SDL3-3.2.24\include\SDL3\SDL_log.h">
      <Filter>3rd\SDL3</Filter>
    </ClInclude>
    <ClInclude Include="..\3rd\SDL3-3.2.24\include\SDL3\SDL_main.h">
      <Filter>3rd\SDL3</Filter>
    </ClInclude>
    <ClInclude Include="..\3rd\SDL3-3.2.24\include\SDL3\SDL_main_impl.h">
      <Filter>3rd\SDL3</Filter>
    </ClInclude>
    <ClInclude Include="..\3rd\SDL3-3.2.24\include\SDL3\SDL_messagebox.h">
      <Filter>3rd\SDL3</Filter>
    </ClInclude>
    <ClInclude Include="..\3rd\SDL3-3.2.24\include\SDL3\SDL_metal.h">
      <Filter>3rd\SDL3</Filter>
    </ClInclude>
    <ClInclude Include="..\3rd\SDL3-3.2.24\include\SDL3\SDL_misc.h">
      <Filter>3rd\SDL3</Filter>
    </ClInclude>
    <ClInclude Include="..\3rd\SDL3-3.2.24\include\SDL3\SDL_mouse.h">
      <Filter>3rd\SDL3</Filter>
    </ClInclude>
    <ClInclude Include="..\3rd\SDL3-3.2.24\include\SDL3\SDL_mutex.h">
      <Filter>3rd\SDL3</Filter>
    </ClInclude>
    <ClInclude Include="..\3rd\SDL3-3.2.24\include\SDL3\SDL_oldnames.h">
      <Filter>3rd\SDL3</Filter>
    </ClInclude>
    <ClInclude Include="..\3rd\SDL3-3.2.24\include\SDL3\SDL_opengl.h">
      <Filter>3rd\SDL3</Filter>
    </ClInclude>
    <ClInclude Include="..\3rd\SDL3-3.2.24\include\SDL3\SDL_opengl_glext.h">
      <Filter>3rd\SDL3</Filter>
    </ClInclude>
    <ClInclude Include="..\3rd\SDL3-3.2.24\include\SDL3\SDL_opengles.h">
      <Filter>3rd\SDL3</Filter>
    </ClInclude>
    <ClInclude Include="..\3rd\SDL3-3.2.24\include\SDL3\SDL_opengles2.h">
      <Filter>3rd\SDL3</Filter>
    </ClInclude>
    <ClInclude Include="..\3rd\SDL3-3.2.24\include\SDL3\SDL_opengles2_gl2.h">
      <Filter>3rd\SDL3</Filter>
    </ClInclude>
    <ClInclude Include="..\3rd\SDL3-3.2.24\include\SDL3\SDL_opengles2_gl2ext.h">
      <Filter>3rd\SDL3</Filter>
    </ClInclude>
    <ClInclude Include="..\3rd\SDL3-3.2.24\include\SDL3\SDL_opengles2_gl2platform.h">
      <Filter>3rd\SDL3</Filter>
    </ClInclude>
    <ClInclude Include="..\3rd\SDL3-3.2.24\include\SDL3\SDL_opengles2_khrplatform.h">
      <Filter>3rd\SDL3</Filter>
    </ClInclude>
    <ClInclude Include="..\3rd\SDL3-3.2.24\include\SDL3\SDL_pen.h">
      <Filter>3rd\SDL3</Filter>
    </ClInclude>
    <ClInclude Include="..\3rd\SDL3-3.2.24\include\SDL3\SDL_pixels.h">
      <Filter>3rd\SDL3</Filter>
    </ClInclude>
    <ClInclude Include="..\3rd\SDL3-3.2.24\include\SDL3\SDL_platform.h">
      <Filter>3rd\SDL3</Filter>
    </ClInclude>
    <ClInclude Include="..\3rd\SDL3-3.2.24\include\SDL3\SDL_platform_defines.h">
      <Filter>3rd\SDL3</Filter>
    </ClInclude>
    <ClInclude Include="..\3rd\SDL3-3.2.24\include\SDL3\SDL_power.h">
      <Filter>3rd\SDL3</Filter>
    </ClInclude>
    <ClInclude Include="..\3rd\SDL3-3.2.24\include\SDL3\SDL_process.h">
      <Filter>3rd\SDL3</Filter>
    </ClInclude>
    <ClInclude Include="..\3rd\SDL3-3.2.24\include\SDL3\SDL_properties.h">
      <Filter>3rd\SDL3</Filter>
    </ClInclude>
    <ClInclude Include="..\3rd\SDL3-3.2.24\include\SDL3\SDL_rect.h">
      <Filter>3rd\SDL3</Filter>
    </ClInclude>
    <ClInclude Include="..\3rd\SDL3-3.2.24\include\SDL3\SDL_render.h">
      <Filter>3rd\SDL3</Filter>
    </ClInclude>
    <ClInclude Include="..\3rd\SDL3-3.2.24\include\SDL3\SDL_revision.h">
      <Filter>3rd\SDL3</Filter>
    </ClInclude>
    <ClInclude Include="..\3rd\SDL3-3.2.24\include\SDL3\SDL_scancode.h">
      <Filter>3rd\SDL3</Filter>
    </ClInclude>
    <ClInclude Include="..\3rd\SDL3-3.2.24\include\SDL3\SDL_sensor.h">
      <Filter>3rd\SDL3</Filter>
    </ClInclude>
    <ClInclude Include="..\3rd\SDL3-3.2.24\include\SDL3\SDL_stdinc.h">
      <Filter>3rd\SDL3</Filter>
    </ClInclude>
    <ClInclude Include="..\3rd\SDL3-3.2.24\include\SDL3\SDL_storage.h">
      <Filter>3rd\SDL3</Filter>
    </ClInclude>
    <ClInclude Include="..\3rd\SDL3-3.2.24\include\SDL3\SDL_surface.h">
      <Filter>3rd\SDL3</Filter>
    </ClInclude>
    <ClInclude Include="..\3rd\SDL3-3.2.24\include\SDL3\SDL_system.h">
      <Filter>3rd\SDL3</Filter>
    </ClInclude>
    <ClInclude Include="..\3rd\SDL3-3.2.24\include\SDL3\SDL_test.h">
      <Filter>3rd\SDL3</Filter>
    </ClInclude>
    <ClInclude Include="..\3rd\SDL3-3.2.24\include\SDL3\SDL_test_assert.h">
      <Filter>3rd\SDL3</Filter>
    </ClInclude>
    <ClInclude Include="..\3rd\SDL3-3.2.24\include\SDL3\SDL_test_common.h">
      <Filter>3rd\SDL3</Filter>
    </ClInclude>
    <ClInclude Include="..\3rd\SDL3-3.2.24\include\SDL3\SDL_test_compare.h">
      <Filter>3rd\SDL3</Filter>
    </ClInclude>
    <ClInclude Include="..\3rd\SDL3-3.2.24\include\SDL3\SDL_test_crc32.h">
      <Filter>3rd\SDL3</Filter>
    </ClInclude>
    <ClInclude Include="..\3rd\SDL3-3.2.24\include\SDL3\SDL_test_font.h">
      <Filter>3rd\SDL3</Filter>
    </ClInclude>
    <ClInclude Include="..\3rd\SDL3-3.2.24\include\SDL3\SDL_test_fuzzer.h">
      <Filter>3rd\SDL3</Filter>
    </ClInclude>
    <ClInclude Include="..\3rd\SDL3-3.2.24\include\SDL3\SDL_test_harness.h">
      <Filter>3rd\SDL3</Filter>
    </ClInclude>
    <ClInclude Include="..\3rd\SDL3-3.2.24\include\SDL3\SDL_test_log.h">
      <Filter>3rd\SDL3</Filter>
    </ClInclude>
    <ClInclude Include="..\3rd\SDL3-3.2.24\include\SDL3\SDL_test_md5.h">
      <Filter>3rd\SDL3</Filter>
    </ClInclude>
    <ClInclude Include="..\3rd\SDL3-3.2.24\include\SDL3\SDL_test_memory.h">
      <Filter>3rd\SDL3</Filter>
    </ClInclude>
    <ClInclude Include="..\3rd\SDL3-3.2.24\include\SDL3\SDL_thread.h">
      <Filter>3rd\SDL3</Filter>
    </ClInclude>
    <ClInclude Include="..\3rd\SDL3-3.2.24\include\SDL3\SDL_time.h">
      <Filter>3rd\SDL3</Filter>
    </ClInclude>
    <ClInclude Include="..\3rd\SDL3-3.2.24\include\SDL3\SDL_timer.h">
      <Filter>3rd\SDL3</Filter>
    </ClInclude>
    <ClInclude Include="..\3rd\SDL3-3.2.24\include\SDL3\SDL_touch.h">
      <Filter>3rd\SDL3</Filter>
    </ClInclude>
    <ClInclude Include="..\3rd\SDL3-3.2.24\include\SDL3\SDL_tray.h">
      <Filter>3rd\SDL3</Filter>
    </ClInclude>
    <ClInclude Include="..\3rd\SDL3-3.2.24\include\SDL3\SDL_version.h">
      <Filter>3rd\SDL3</Filter>
    </ClInclude>
    <ClInclude Include="..\3rd\SDL3-3.2.24\include\SDL3\SDL_video.h">
      <Filter>3rd\SDL3</Filter>
    </ClInclude>
    <ClInclude Include="..\3rd\SDL3-3.2.24\include\SDL3\SDL_vulkan.h">
      <Filter>3rd\SDL3</Filter>
    </ClInclude>
    <ClInclude Include="..\3rd\KHR\khrplatform.h">
      <Filter>3rd\KHR</Filter>
    </ClInclude>
    <ClInclude Include="..\3rd\glad\glad.h">
      <Filter>3rd\glad</Filter>
    </ClInclude>
    <ClInclude Include="inc\GLContext.h">
      <Filter>inc</Filter>
    </ClInclude>
    <ClInclude Include="inc\Shader.h">
      <Filter>inc</Filter>
    </ClInclude>
    <ClInclude Include="inc\CheckRstErr.h">
      <Filter>inc</Filter>
    </ClInclude>
    <ClInclude Include="..\3rd\stb\stb_image.h">
      <Filter>3rd\stb</Filter>
    </ClInclude>
    <ClInclude Include="inc\Texture.h">
      <Filter>inc</Filter>
    </ClInclude>
    <ClInclude Include="..\3rd\glm\common.hpp">
      <Filter>3rd\glm</Filter>
    </ClInclude>
    <ClInclude Include="..\3rd\glm\exponential.hpp">
      <Filter>3rd\glm</Filter>
    </ClInclude>
    <ClInclude Include="..\3rd\glm\ext.hpp">
      <Filter>3rd\glm</Filter>
    </ClInclude>
    <ClInclude Include="..\3rd\glm\fwd.hpp">
      <Filter>3rd\glm</Filter>
    </ClInclude>
    <ClInclude Include="..\3rd\glm\geometric.hpp">
      <Filter>3rd\glm</Filter>
    </ClInclude>
    <ClInclude Include="..\3rd\glm\glm.hpp">
      <Filter>3rd\glm</Filter>
    </ClInclude>
    <ClInclude Include="..\3rd\glm\integer.hpp">
      <Filter>3rd\glm</Filter>
    </ClInclude>
    <ClInclude Include="..\3rd\glm\mat2x2.hpp">
      <Filter>3rd\glm</Filter>
    </ClInclude>
    <ClInclude Include="..\3rd\glm\mat2x3.hpp">
      <Filter>3rd\glm</Filter>
    </ClInclude>
    <ClInclude Include="..\3rd\glm\mat2x4.hpp">
      <Filter>3rd\glm</Filter>
    </ClInclude>
    <ClInclude Include="..\3rd\glm\mat3x2.hpp">
      <Filter>3rd\glm</Filter>
    </ClInclude>
    <ClInclude Include="..\3rd\glm\mat3x3.hpp">
      <Filter>3rd\glm</Filter>
    </ClInclude>
    <ClInclude Include="..\3rd\glm\mat3x4.hpp">
      <Filter>3rd\glm</Filter>
    </ClInclude>
    <ClInclude Include="..\3rd\glm\mat4x2.hpp">
      <Filter>3rd\glm</Filter>
    </ClInclude>
    <ClInclude Include="..\3rd\glm\mat4x3.hpp">
      <Filter>3rd\glm</Filter>
    </ClInclude>
    <ClInclude Include="..\3rd\glm\mat4x4.hpp">
      <Filter>3rd\glm</Filter>
    </ClInclude>
    <ClInclude Include="..\3rd\glm\matrix.hpp">
      <Filter>3rd\glm</Filter>
    </ClInclude>
    <ClInclude Include="..\3rd\glm\packing.hpp">
      <Filter>3rd\glm</Filter>
    </ClInclude>
    <ClInclude Include="..\3rd\glm\trigonometric.hpp">
      <Filter>3rd\glm</Filter>
    </ClInclude>
    <ClInclude Include="..\3rd\glm\vec2.hpp">
      <Filter>3rd\glm</Filter>
    </ClInclude>
    <ClInclude Include="..\3rd\glm\vec3.hpp">
      <Filter>3rd\glm</Filter>
    </ClInclude>
    <ClInclude Include="..\3rd\glm\vec4.hpp">
      <Filter>3rd\glm</Filter>
    </ClInclude>
    <ClInclude Include="..\3rd\glm\vector_relational.hpp">
      <Filter>3rd\glm</Filter>
    </ClInclude>
    <ClInclude Include="..\3rd\glm\detail\_features.hpp">
      <Filter>3rd\glm\detail</Filter>
    </ClInclude>
    <ClInclude Include="..\3rd\glm\detail\_fixes.hpp">
      <Filter>3rd\glm\detail</Filter>
    </ClInclude>
    <ClInclude Include="..\3rd\glm\detail\_noise.hpp">
      <Filter>3rd\glm\detail</Filter>
    </ClInclude>
    <ClInclude Include="..\3rd\glm\detail\_swizzle.hpp">
      <Filter>3rd\glm\detail</Filter>
    </ClInclude>
    <ClInclude Include="..\3rd\glm\detail\_swizzle_func.hpp">
      <Filter>3rd\glm\detail</Filter>
    </ClInclude>
    <ClInclude Include="..\3rd\glm\detail\_vectorize.hpp">
      <Filter>3rd\glm\detail</Filter>
    </ClInclude>
    <ClInclude Include="..\3rd\glm\detail\compute_common.hpp">
      <Filter>3rd\glm\detail</Filter>
    </ClInclude>
    <ClInclude Include="..\3rd\glm\detail\compute_vector_decl.hpp">
      <Filter>3rd\glm\detail</Filter>
    </ClInclude>
    <ClInclude Include="..\3rd\glm\detail\compute_vector_relational.hpp">
      <Filter>3rd\glm\detail</Filter>
    </ClInclude>
    <ClInclude Include="..\3rd\glm\detail\qualifier.hpp">
      <Filter>3rd\glm\detail</Filter>
    </ClInclude>
    <ClInclude Include="..\3rd\glm\detail\setup.hpp">
      <Filter>3rd\glm\detail</Filter>
    </ClInclude>
    <ClInclude Include="..\3rd\glm\detail\type_float.hpp">
      <Filter>3rd\glm\detail</Filter>
    </ClInclude>
    <ClInclude Include="..\3rd\glm\detail\type_half.hpp">
      <Filter>3rd\glm\detail</Filter>
    </ClInclude>
    <ClInclude Include="..\3rd\glm\detail\type_mat2x2.hpp">
      <Filter>3rd\glm\detail</Filter>
    </ClInclude>
    <ClInclude Include="..\3rd\glm\detail\type_mat2x3.hpp">
      <Filter>3rd\glm\detail</Filter>
    </ClInclude>
    <ClInclude Include="..\3rd\glm\detail\type_mat2x4.hpp">
      <Filter>3rd\glm\detail</Filter>
    </ClInclude>
    <ClInclude Include="..\3rd\glm\detail\type_mat3x2.hpp">
      <Filter>3rd\glm\detail</Filter>
    </ClInclude>
    <ClInclude Include="..\3rd\glm\detail\type_mat3x3.hpp">
      <Filter>3rd\glm\detail</Filter>
    </ClInclude>
    <ClInclude Include="..\3rd\glm\detail\type_mat3x4.hpp">
      <Filter>3rd\glm\detail</Filter>
    </ClInclude>
    <ClInclude Include="..\3rd\glm\detail\type_mat4x2.hpp">
      <Filter>3rd\glm\detail</Filter>
    </ClInclude>
    <ClInclude Include="..\3rd\glm\detail\type_mat4x3.hpp">
      <Filter>3rd\glm\detail</Filter>
    </ClInclude>
    <ClInclude Include="..\3rd\glm\detail\type_mat4x4.hpp">
      <Filter>3rd\glm\detail</Filter>
    </ClInclude>
    <ClInclude Include="..\3rd\glm\detail\type_quat.hpp">
      <Filter>3rd\glm\detail</Filter>
    </ClInclude>
    <ClInclude Include="..\3rd\glm\detail\type_vec1.hpp">
      <Filter>3rd\glm\detail</Filter>
    </ClInclude>
    <ClInclude Include="..\3rd\glm\detail\type_vec2.hpp">
      <Filter>3rd\glm\detail</Filter>
    </ClInclude>
    <ClInclude Include="..\3rd\glm\detail\type_vec3.hpp">
      <Filter>3rd\glm\detail</Filter>
    </ClInclude>
    <ClInclude Include="..\3rd\glm\detail\type_vec4.hpp">
      <Filter>3rd\glm\detail</Filter>
    </ClInclude>
    <ClInclude Include="..\3rd\glm\ext\_matrix_vectorize.hpp">
      <Filter>3rd\glm\ext</Filter>
    </ClInclude>
    <ClInclude Include="..\3rd\glm\ext\matrix_clip_space.hpp">
      <Filter>3rd\glm\ext</Filter>
    </ClInclude>
    <ClInclude Include="..\3rd\glm\ext\matrix_common.hpp">
      <Filter>3rd\glm\ext</Filter>
    </ClInclude>
    <ClInclude Include="..\3rd\glm\ext\matrix_double2x2.hpp">
      <Filter>3rd\glm\ext</Filter>
    </ClInclude>
    <ClInclude Include="..\3rd\glm\ext\matrix_double2x2_precision.hpp">
      <Filter>3rd\glm\ext</Filter>
    </ClInclude>
    <ClInclude Include="..\3rd\glm\ext\matrix_double2x3.hpp">
      <Filter>3rd\glm\ext</Filter>
    </ClInclude>
    <ClInclude Include="..\3rd\glm\ext\matrix_double2x3_precision.hpp">
      <Filter>3rd\glm\ext</Filter>
    </ClInclude>
    <ClInclude Include="..\3rd\glm\ext\matrix_double2x4.hpp">
      <Filter>3rd\glm\ext</Filter>
    </ClInclude>
    <ClInclude Include="..\3rd\glm\ext\matrix_double2x4_precision.hpp">
      <Filter>3rd\glm\ext</Filter>
    </ClInclude>
    <ClInclude Include="..\3rd\glm\ext\matrix_double3x2.hpp">
      <Filter>3rd\glm\ext</Filter>
    </ClInclude>
    <ClInclude Include="..\3rd\glm\ext\matrix_double3x2_precision.hpp">
      <Filter>3rd\glm\ext</Filter>
    </ClInclude>
    <ClInclude Include="..\3rd\glm\ext\matrix_double3x3.hpp">
      <Filter>3rd\glm\ext</Filter>
    </ClInclude>
    <ClInclude Include="..\3rd\glm\ext\matrix_double3x3_precision.hpp">
      <Filter>3rd\glm\ext</Filter>
    </ClInclude>
    <ClInclude Include="..\3rd\glm\ext\matrix_double3x4.hpp">
      <Filter>3rd\glm\ext</Filter>
    </ClInclude>
    <ClInclude Include="..\3rd\glm\ext\matrix_double3x4_precision.hpp">
      <Filter>3rd\glm\ext</Filter>
    </ClInclude>
    <ClInclude Include="..\3rd\glm\ext\matrix_double4x2.hpp">
      <Filter>3rd\glm\ext</Filter>
    </ClInclude>
    <ClInclude Include="..\3rd\glm\ext\matrix_double4x2_precision.hpp">
      <Filter>3rd\glm\ext</Filter>
    </ClInclude>
    <ClInclude Include="..\3rd\glm\ext\matrix_double4x3.hpp">
      <Filter>3rd\glm\ext</Filter>
    </ClInclude>
    <ClInclude Include="..\3rd\glm\ext\matrix_double4x3_precision.hpp">
      <Filter>3rd\glm\ext</Filter>
    </ClInclude>
    <ClInclude Include="..\3rd\glm\ext\matrix_double4x4.hpp">
      <Filter>3rd\glm\ext</Filter>
    </ClInclude>
    <ClInclude Include="..\3rd\glm\ext\matrix_double4x4_precision.hpp">
      <Filter>3rd\glm\ext</Filter>
    </ClInclude>
    <ClInclude Include="..\3rd\glm\ext\matrix_float2x2.hpp">
      <Filter>3rd\glm\ext</Filter>
    </ClInclude>
    <ClInclude Include="..\3rd\glm\ext\matrix_float2x2_precision.hpp">
      <Filter>3rd\glm\ext</Filter>
    </ClInclude>
    <ClInclude Include="..\3rd\glm\ext\matrix_float2x3.hpp">
      <Filter>3rd\glm\ext</Filter>
    </ClInclude>
    <ClInclude Include="..\3rd\glm\ext\matrix_float2x3_precision.hpp">
      <Filter>3rd\glm\ext</Filter>
    </ClInclude>
    <ClInclude Include="..\3rd\glm\ext\matrix_float2x4.hpp">
      <Filter>3rd\glm\ext</Filter>
    </ClInclude>
    <ClInclude Include="..\3rd\glm\ext\matrix_float2x4_precision.hpp">
      <Filter>3rd\glm\ext</Filter>
    </ClInclude>
    <ClInclude Include="..\3rd\glm\ext\matrix_float3x2.hpp">
      <Filter>3rd\glm\ext</Filter>
    </ClInclude>
    <ClInclude Include="..\3rd\glm\ext\matrix_float3x2_precision.hpp">
      <Filter>3rd\glm\ext</Filter>
    </ClInclude>
    <ClInclude Include="..\3rd\glm\ext\matrix_float3x3.hpp">
      <Filter>3rd\glm\ext</Filter>
    </ClInclude>
    <ClInclude Include="..\3rd\glm\ext\matrix_float3x3_precision.hpp">
      <Filter>3rd\glm\ext</Filter>
    </ClInclude>
    <ClInclude Include="..\3rd\glm\ext\matrix_float3x4.hpp">
      <Filter>3rd\glm\ext</Filter>
    </ClInclude>
    <ClInclude Include="..\3rd\glm\ext\matrix_float3x4_precision.hpp">
      <Filter>3rd\glm\ext</Filter>
    </ClInclude>
    <ClInclude Include="..\3rd\glm\ext\matrix_float4x2.hpp">
      <Filter>3rd\glm\ext</Filter>
    </ClInclude>
    <ClInclude Include="..\3rd\glm\ext\matrix_float4x2_precision.hpp">
      <Filter>3rd\glm\ext</Filter>
    </ClInclude>
    <ClInclude Include="..\3rd\glm\ext\matrix_float4x3.hpp">
      <Filter>3rd\glm\ext</Filter>
    </ClInclude>
    <ClInclude Include="..\3rd\glm\ext\matrix_float4x3_precision.hpp">
      <Filter>3rd\glm\ext</Filter>
    </ClInclude>
    <ClInclude Include="..\3rd\glm\ext\matrix_float4x4.hpp">
      <Filter>3rd\glm\ext</Filter>
    </ClInclude>
    <ClInclude Include="..\3rd\glm\ext\matrix_float4x4_precision.hpp">
      <Filter>3rd\glm\ext</Filter>
    </ClInclude>
    <ClInclude Include="..\3rd\glm\ext\matrix_int2x2.hpp">
      <Filter>3rd\glm\ext</Filter>
    </ClInclude>
    <ClInclude Include="..\3rd\glm\ext\matrix_int2x2_sized.hpp">
      <Filter>3rd\glm\ext</Filter>
    </ClInclude>
    <ClInclude Include="..\3rd\glm\ext\matrix_int2x3.hpp">
      <Filter>3rd\glm\ext</Filter>
    </ClInclude>
    <ClInclude Include="..\3rd\glm\ext\matrix_int2x3_sized.hpp">
      <Filter>3rd\glm\ext</Filter>
    </ClInclude>
    <ClInclude Include="..\3rd\glm\ext\matrix_int2x4.hpp">
      <Filter>3rd\glm\ext</Filter>
    </ClInclude>
    <ClInclude Include="..\3rd\glm\ext\matrix_int2x4_sized.hpp">
      <Filter>3rd\glm\ext</Filter>
    </ClInclude>
    <ClInclude Include="..\3rd\glm\ext\matrix_int3x2.hpp">
      <Filter>3rd\glm\ext</Filter>
    </ClInclude>
    <ClInclude Include="..\3rd\glm\ext\matrix_int3x2_sized.hpp">
      <Filter>3rd\glm\ext</Filter>
    </ClInclude>
    <ClInclude Include="..\3rd\glm\ext\matrix_int3x3.hpp">
      <Filter>3rd\glm\ext</Filter>
    </ClInclude>
    <ClInclude Include="..\3rd\glm\ext\matrix_int3x3_sized.hpp">
      <Filter>3rd\glm\ext</Filter>
    </ClInclude>
    <ClInclude Include="..\3rd\glm\ext\matrix_int3x4.hpp">
      <Filter>3rd\glm\ext</Filter>
    </ClInclude>
    <ClInclude Include="..\3rd\glm\ext\matrix_int3x4_sized.hpp">
      <Filter>3rd\glm\ext</Filter>
    </ClInclude>
    <ClInclude Include="..\3rd\glm\ext\matrix_int4x2.hpp">
      <Filter>3rd\glm\ext</Filter>
    </ClInclude>
    <ClInclude Include="..\3rd\glm\ext\matrix_int4x2_sized.hpp">
      <Filter>3rd\glm\ext</Filter>
    </ClInclude>
    <ClInclude Include="..\3rd\glm\ext\matrix_int4x3.hpp">
      <Filter>3rd\glm\ext</Filter>
    </ClInclude>
    <ClInclude Include="..\3rd\glm\ext\matrix_int4x3_sized.hpp">
      <Filter>3rd\glm\ext</Filter>
    </ClInclude>
    <ClInclude Include="..\3rd\glm\ext\matrix_int4x4.hpp">
      <Filter>3rd\glm\ext</Filter>
    </ClInclude>
    <ClInclude Include="..\3rd\glm\ext\matrix_int4x4_sized.hpp">
      <Filter>3rd\glm\ext</Filter>
    </ClInclude>
    <ClInclude Include="..\3rd\glm\ext\matrix_integer.hpp">
      <Filter>3rd\glm\ext</Filter>
    </ClInclude>
    <ClInclude Include="..\3rd\glm\ext\matrix_projection.hpp">
      <Filter>3rd\glm\ext</Filter>
    </ClInclude>
    <ClInclude Include="..\3rd\glm\ext\matrix_relational.hpp">
      <Filter>3rd\glm\ext</Filter>
    </ClInclude>
    <ClInclude Include="..\3rd\glm\ext\matrix_transform.hpp">
      <Filter>3rd\glm\ext</Filter>
    </ClInclude>
    <ClInclude Include="..\3rd\glm\ext\matrix_uint2x2.hpp">
      <Filter>3rd\glm\ext</Filter>
    </ClInclude>
    <ClInclude Include="..\3rd\glm\ext\matrix_uint2x2_sized.hpp">
      <Filter>3rd\glm\ext</Filter>
    </ClInclude>
    <ClInclude Include="..\3rd\glm\ext\matrix_uint2x3.hpp">
      <Filter>3rd\glm\ext</Filter>
    </ClInclude>
    <ClInclude Include="..\3rd\glm\ext\matrix_uint2x3_sized.hpp">
      <Filter>3rd\glm\ext</Filter>
    </ClInclude>
    <ClInclude Include="..\3rd\glm\ext\matrix_uint2x4.hpp">
      <Filter>3rd\glm\ext</Filter>
    </ClInclude>
    <ClInclude Include="..\3rd\glm\ext\matrix_uint2x4_sized.hpp">
      <Filter>3rd\glm\ext</Filter>
    </ClInclude>
    <ClInclude Include="..\3rd\glm\ext\matrix_uint3x2.hpp">
      <Filter>3rd\glm\ext</Filter>
    </ClInclude>
    <ClInclude Include="..\3rd\glm\ext\matrix_uint3x2_sized.hpp">
      <Filter>3rd\glm\ext</Filter>
    </ClInclude>
    <ClInclude Include="..\3rd\glm\ext\matrix_uint3x3.hpp">
      <Filter>3rd\glm\ext</Filter>
    </ClInclude>
    <ClInclude Include="..\3rd\glm\ext\matrix_uint3x3_sized.hpp">
      <Filter>3rd\glm\ext</Filter>
    </ClInclude>
    <ClInclude Include="..\3rd\glm\ext\matrix_uint3x4.hpp">
      <Filter>3rd\glm\ext</Filter>
    </ClInclude>
    <ClInclude Include="..\3rd\glm\ext\matrix_uint3x4_sized.hpp">
      <Filter>3rd\glm\ext</Filter>
    </ClInclude>
    <ClInclude Include="..\3rd\glm\ext\matrix_uint4x2.hpp">
      <Filter>3rd\glm\ext</Filter>
    </ClInclude>
    <ClInclude Include="..\3rd\glm\ext\matrix_uint4x2_sized.hpp">
      <Filter>3rd\glm\ext</Filter>
    </ClInclude>
    <ClInclude Include="..\3rd\glm\ext\matrix_uint4x3.hpp">
      <Filter>3rd\glm\ext</Filter>
    </ClInclude>
    <ClInclude Include="..\3rd\glm\ext\matrix_uint4x3_sized.hpp">
      <Filter>3rd\glm\ext</Filter>
    </ClInclude>
    <ClInclude Include="..\3rd\glm\ext\matrix_uint4x4.hpp">
      <Filter>3rd\glm\ext</Filter>
    </ClInclude>
    <ClInclude Include="..\3rd\glm\ext\matrix_uint4x4_sized.hpp">
      <Filter>3rd\glm\ext</Filter>
    </ClInclude>
    <ClInclude Include="..\3rd\glm\ext\quaternion_common.hpp">
      <Filter>3rd\glm\ext</Filter>
    </ClInclude>
    <ClInclude Include="..\3rd\glm\ext\quaternion_double.hpp">
      <Filter>3rd\glm\ext</Filter>
    </ClInclude>
    <ClInclude Include="..\3rd\glm\ext\quaternion_double_precision.hpp">
      <Filter>3rd\glm\ext</Filter>
    </ClInclude>
    <ClInclude Include="..\3rd\glm\ext\quaternion_exponential.hpp">
      <Filter>3rd\glm\ext</Filter>
    </ClInclude>
    <ClInclude Include="..\3rd\glm\ext\quaternion_float.hpp">
      <Filter>3rd\glm\ext</Filter>
    </ClInclude>
    <ClInclude Include="..\3rd\glm\ext\quaternion_float_precision.hpp">
      <Filter>3rd\glm\ext</Filter>
    </ClInclude>
    <ClInclude Include="..\3rd\glm\ext\quaternion_geometric.hpp">
      <Filter>3rd\glm\ext</Filter>
    </ClInclude>
    <ClInclude Include="..\3rd\glm\ext\quaternion_relational.hpp">
      <Filter>3rd\glm\ext</Filter>
    </ClInclude>
    <ClInclude Include="..\3rd\glm\ext\quaternion_transform.hpp">
      <Filter>3rd\glm\ext</Filter>
    </ClInclude>
    <ClInclude Include="..\3rd\glm\ext\quaternion_trigonometric.hpp">
      <Filter>3rd\glm\ext</Filter>
    </ClInclude>
    <ClInclude Include="..\3rd\glm\ext\scalar_common.hpp">
      <Filter>3rd\glm\ext</Filter>
    </ClInclude>
    <ClInclude Include="..\3rd\glm\ext\scalar_constants.hpp">
      <Filter>3rd\glm\ext</Filter>
    </ClInclude>
    <ClInclude Include="..\3rd\glm\ext\scalar_int_sized.hpp">
      <Filter>3rd\glm\ext</Filter>
    </ClInclude>
    <ClInclude Include="..\3rd\glm\ext\scalar_integer.hpp">
      <Filter>3rd\glm\ext</Filter>
    </ClInclude>
    <ClInclude Include="..\3rd\glm\ext\scalar_packing.hpp">
      <Filter>3rd\glm\ext</Filter>
    </ClInclude>
    <ClInclude Include="..\3rd\glm\ext\scalar_reciprocal.hpp">
      <Filter>3rd\glm\ext</Filter>
    </ClInclude>
    <ClInclude Include="..\3rd\glm\ext\scalar_relational.hpp">
      <Filter>3rd\glm\ext</Filter>
    </ClInclude>
    <ClInclude Include="..\3rd\glm\ext\scalar_uint_sized.hpp">
      <Filter>3rd\glm\ext</Filter>
    </ClInclude>
    <ClInclude Include="..\3rd\glm\ext\scalar_ulp.hpp">
      <Filter>3rd\glm\ext</Filter>
    </ClInclude>
    <ClInclude Include="..\3rd\glm\ext\vector_bool1.hpp">
      <Filter>3rd\glm\ext</Filter>
    </ClInclude>
    <ClInclude Include="..\3rd\glm\ext\vector_bool1_precision.hpp">
      <Filter>3rd\glm\ext</Filter>
    </ClInclude>
    <ClInclude Include="..\3rd\glm\ext\vector_bool2.hpp">
      <Filter>3rd\glm\ext</Filter>
    </ClInclude>
    <ClInclude Include="..\3rd\glm\ext\vector_bool2_precision.hpp">
      <Filter>3rd\glm\ext</Filter>
    </ClInclude>
    <ClInclude Include="..\3rd\glm\ext\vector_bool3.hpp">
      <Filter>3rd\glm\ext</Filter>
    </ClInclude>
    <ClInclude Include="..\3rd\glm\ext\vector_bool3_precision.hpp">
      <Filter>3rd\glm\ext</Filter>
    </ClInclude>
    <ClInclude Include="..\3rd\glm\ext\vector_bool4.hpp">
      <Filter>3rd\glm\ext</Filter>
    </ClInclude>
    <ClInclude Include="..\3rd\glm\ext\vector_bool4_precision.hpp">
      <Filter>3rd\glm\ext</Filter>
    </ClInclude>
    <ClInclude Include="..\3rd\glm\ext\vector_common.hpp">
      <Filter>3rd\glm\ext</Filter>
    </ClInclude>
    <ClInclude Include="..\3rd\glm\ext\vector_double1.hpp">
      <Filter>3rd\glm\ext</Filter>
    </ClInclude>
    <ClInclude Include="..\3rd\glm\ext\vector_double1_precision.hpp">
      <Filter>3rd\glm\ext</Filter>
    </ClInclude>
    <ClInclude Include="..\3rd\glm\ext\vector_double2.hpp">
      <Filter>3rd\glm\ext</Filter>
    </ClInclude>
    <ClInclude Include="..\3rd\glm\ext\vector_double2_precision.hpp">
      <Filter>3rd\glm\ext</Filter>
    </ClInclude>
    <ClInclude Include="..\3rd\glm\ext\vector_double3.hpp">
      <Filter>3rd\glm\ext</Filter>
    </ClInclude>
    <ClInclude Include="..\3rd\glm\ext\vector_double3_precision.hpp">
      <Filter>3rd\glm\ext</Filter>
    </ClInclude>
    <ClInclude Include="..\3rd\glm\ext\vector_double4.hpp">
      <Filter>3rd\glm\ext</Filter>
    </ClInclude>
    <ClInclude Include="..\3rd\glm\ext\vector_double4_precision.hpp">
      <Filter>3rd\glm\ext</Filter>
    </ClInclude>
    <ClInclude Include="..\3rd\glm\ext\vector_float1.hpp">
      <Filter>3rd\glm\ext</Filter>
    </ClInclude>
    <ClInclude Include="..\3rd\glm\ext\vector_float1_precision.hpp">
      <Filter>3rd\glm\ext</Filter>
    </ClInclude>
    <ClInclude Include="..\3rd\glm\ext\vector_float2.hpp">
      <Filter>3rd\glm\ext</Filter>
    </ClInclude>
    <ClInclude Include="..\3rd\glm\ext\vector_float2_precision.hpp">
      <Filter>3rd\glm\ext</Filter>
    </ClInclude>
    <ClInclude Include="..\3rd\glm\ext\vector_float3.hpp">
      <Filter>3rd\glm\ext</Filter>
    </ClInclude>
    <ClInclude Include="..\3rd\glm\ext\vector_float3_precision.hpp">
      <Filter>3rd\glm\ext</Filter>
    </ClInclude>
    <ClInclude Include="..\3rd\glm\ext\vector_float4.hpp">
      <Filter>3rd\glm\ext</Filter>
    </ClInclude>
    <ClInclude Include="..\3rd\glm\ext\vector_float4_precision.hpp">
      <Filter>3rd\glm\ext</Filter>
    </ClInclude>
    <ClInclude Include="..\3rd\glm\ext\vector_int1.hpp">
      <Filter>3rd\glm\ext</Filter>
    </ClInclude>
    <ClInclude Include="..\3rd\glm\ext\vector_int1_sized.hpp">
      <Filter>3rd\glm\ext</Filter>
    </ClInclude>
    <ClInclude Include="..\3rd\glm\ext\vector_int2.hpp">
      <Filter>3rd\glm\ext</Filter>
    </ClInclude>
    <ClInclude Include="..\3rd\glm\ext\vector_int2_sized.hpp">
      <Filter>3rd\glm\ext</Filter>
    </ClInclude>
    <ClInclude Include="..\3rd\glm\ext\vector_int3.hpp">
      <Filter>3rd\glm\ext</Filter>
    </ClInclude>
    <ClInclude Include="..\3rd\glm\ext\vector_int3_sized.hpp">
      <Filter>3rd\glm\ext</Filter>
    </ClInclude>
    <ClInclude Include="..\3rd\glm\ext\vector_int4.hpp">
      <Filter>3rd\glm\ext</Filter>
    </ClInclude>
    <ClInclude Include="..\3rd\glm\ext\vector_int4_sized.hpp">
      <Filter>3rd\glm\ext</Filter>
    </ClInclude>
    <ClInclude Include="..\3rd\glm\ext\vector_integer.hpp">
      <Filter>3rd\glm\ext</Filter>
    </ClInclude>
    <ClInclude Include="..\3rd\glm\ext\vector_packing.hpp">
      <Filter>3rd\glm\ext</Filter>
    </ClInclude>
    <ClInclude Include="..\3rd\glm\ext\vector_reciprocal.hpp">
      <Filter>3rd\glm\ext</Filter>
    </ClInclude>
    <ClInclude Include="..\3rd\glm\ext\vector_relational.hpp">
      <Filter>3rd\glm\ext</Filter>
    </ClInclude>
    <ClInclude Include="..\3rd\glm\ext\vector_uint1.hpp">
      <Filter>3rd\glm\ext</Filter>
    </ClInclude>
    <ClInclude Include="..\3rd\glm\ext\vector_uint1_sized.hpp">
      <Filter>3rd\glm\ext</Filter>
    </ClInclude>
    <ClInclude Include="..\3rd\glm\ext\vector_uint2.hpp">
      <Filter>3rd\glm\ext</Filter>
    </ClInclude>
    <ClInclude Include="..\3rd\glm\ext\vector_uint2_sized.hpp">
      <Filter>3rd\glm\ext</Filter>
    </ClInclude>
    <ClInclude Include="..\3rd\glm\ext\vector_uint3.hpp">
      <Filter>3rd\glm\ext</Filter>
    </ClInclude>
    <ClInclude Include="..\3rd\glm\ext\vector_uint3_sized.hpp">
      <Filter>3rd\glm\ext</Filter>
    </ClInclude>
    <ClInclude Include="..\3rd\glm\ext\vector_uint4.hpp">
      <Filter>3rd\glm\ext</Filter>
    </ClInclude>
    <ClInclude Include="..\3rd\glm\ext\vector_uint4_sized.hpp">
      <Filter>3rd\glm\ext</Filter>
    </ClInclude>
    <ClInclude Include="..\3rd\glm\ext\vector_ulp.hpp">
      <Filter>3rd\glm\ext</Filter>
    </ClInclude>
    <ClInclude Include="..\3rd\glm\gtc\bitfield.hpp">
      <Filter>3rd\glm\gtc</Filter>
    </ClInclude>
    <ClInclude Include="..\3rd\glm\gtc\color_space.hpp">
      <Filter>3rd\glm\gtc</Filter>
    </ClInclude>
    <ClInclude Include="..\3rd\glm\gtc\constants.hpp">
      <Filter>3rd\glm\gtc</Filter>
    </ClInclude>
    <ClInclude Include="..\3rd\glm\gtc\epsilon.hpp">
      <Filter>3rd\glm\gtc</Filter>
    </ClInclude>
    <ClInclude Include="..\3rd\glm\gtc\integer.hpp">
      <Filter>3rd\glm\gtc</Filter>
    </ClInclude>
    <ClInclude Include="..\3rd\glm\gtc\matrix_access.hpp">
      <Filter>3rd\glm\gtc</Filter>
    </ClInclude>
    <ClInclude Include="..\3rd\glm\gtc\matrix_integer.hpp">
      <Filter>3rd\glm\gtc</Filter>
    </ClInclude>
    <ClInclude Include="..\3rd\glm\gtc\matrix_inverse.hpp">
      <Filter>3rd\glm\gtc</Filter>
    </ClInclude>
    <ClInclude Include="..\3rd\glm\gtc\matrix_transform.hpp">
      <Filter>3rd\glm\gtc</Filter>
    </ClInclude>
    <ClInclude Include="..\3rd\glm\gtc\noise.hpp">
      <Filter>3rd\glm\gtc</Filter>
    </ClInclude>
    <ClInclude Include="..\3rd\glm\gtc\packing.hpp">
      <Filter>3rd\glm\gtc</Filter>
    </ClInclude>
    <ClInclude Include="..\3rd\glm\gtc\quaternion.hpp">
      <Filter>3rd\glm\gtc</Filter>
    </ClInclude>
    <ClInclude Include="..\3rd\glm\gtc\random.hpp">
      <Filter>3rd\glm\gtc</Filter>
    </ClInclude>
    <ClInclude Include="..\3rd\glm\gtc\reciprocal.hpp">
      <Filter>3rd\glm\gtc</Filter>
    </ClInclude>
    <ClInclude Include="..\3rd\glm\gtc\round.hpp">
      <Filter>3rd\glm\gtc</Filter>
    </ClInclude>
    <ClInclude Include="..\3rd\glm\gtc\type_aligned.hpp">
      <Filter>3rd\glm\gtc</Filter>
    </ClInclude>
    <ClInclude Include="..\3rd\glm\gtc\type_precision.hpp">
      <Filter>3rd\glm\gtc</Filter>
    </ClInclude>
    <ClInclude Include="..\3rd\glm\gtc\type_ptr.hpp">
      <Filter>3rd\glm\gtc</Filter>
    </ClInclude>
    <ClInclude Include="..\3rd\glm\gtc\ulp.hpp">
      <Filter>3rd\glm\gtc</Filter>
    </ClInclude>
    <ClInclude Include="..\3rd\glm\gtc\vec1.hpp">
      <Filter>3rd\glm\gtc</Filter>
    </ClInclude>
    <ClInclude Include="..\3rd\glm\simd\common.h">
      <Filter>3rd\glm\simd</Filter>
    </ClInclude>
    <ClInclude Include="..\3rd\glm\simd\exponential.h">
      <Filter>3rd\glm\simd</Filter>
    </ClInclude>
    <ClInclude Include="..\3rd\glm\simd\geometric.h">
      <Filter>3rd\glm\simd</Filter>
    </ClInclude>
    <ClInclude Include="..\3rd\glm\simd\integer.h">
      <Filter>3rd\glm\simd</Filter>
    </ClInclude>
    <ClInclude Include="..\3rd\glm\simd\matrix.h">
      <Filter>3rd\glm\simd</Filter>
    </ClInclude>
    <ClInclude Include="..\3rd\glm\simd\neon.h">
      <Filter>3rd\glm\simd</Filter>
    </ClInclude>
    <ClInclude Include="..\3rd\glm\simd\packing.h">
      <Filter>3rd\glm\simd</Filter>
    </ClInclude>
    <ClInclude Include="..\3rd\glm\simd\platform.h">
      <Filter>3rd\glm\simd</Filter>
    </ClInclude>
    <ClInclude Include="..\3rd\glm\simd\trigonometric.h">
      <Filter>3rd\glm\simd</Filter>
    </ClInclude>
    <ClInclude Include="..\3rd\glm\simd\vector_relational.h">
      <Filter>3rd\glm\simd</Filter>
    </ClInclude>
    <ClInclude Include="..\3rd\glm\gtx\associated_min_max.hpp">
      <Filter>3rd\glm\gtx</Filter>
    </ClInclude>
    <ClInclude Include="..\3rd\glm\gtx\bit.hpp">
      <Filter>3rd\glm\gtx</Filter>
    </ClInclude>
    <ClInclude Include="..\3rd\glm\gtx\closest_point.hpp">
      <Filter>3rd\glm\gtx</Filter>
    </ClInclude>
    <ClInclude Include="..\3rd\glm\gtx\color_encoding.hpp">
      <Filter>3rd\glm\gtx</Filter>
    </ClInclude>
    <ClInclude Include="..\3rd\glm\gtx\color_space.hpp">
      <Filter>3rd\glm\gtx</Filter>
    </ClInclude>
    <ClInclude Include="..\3rd\glm\gtx\color_space_YCoCg.hpp">
      <Filter>3rd\glm\gtx</Filter>
    </ClInclude>
    <ClInclude Include="..\3rd\glm\gtx\common.hpp">
      <Filter>3rd\glm\gtx</Filter>
    </ClInclude>
    <ClInclude Include="..\3rd\glm\gtx\compatibility.hpp">
      <Filter>3rd\glm\gtx</Filter>
    </ClInclude>
    <ClInclude Include="..\3rd\glm\gtx\component_wise.hpp">
      <Filter>3rd\glm\gtx</Filter>
    </ClInclude>
    <ClInclude Include="..\3rd\glm\gtx\dual_quaternion.hpp">
      <Filter>3rd\glm\gtx</Filter>
    </ClInclude>
    <ClInclude Include="..\3rd\glm\gtx\easing.hpp">
      <Filter>3rd\glm\gtx</Filter>
    </ClInclude>
    <ClInclude Include="..\3rd\glm\gtx\euler_angles.hpp">
      <Filter>3rd\glm\gtx</Filter>
    </ClInclude>
    <ClInclude Include="..\3rd\glm\gtx\extend.hpp">
      <Filter>3rd\glm\gtx</Filter>
    </ClInclude>
    <ClInclude Include="..\3rd\glm\gtx\extended_min_max.hpp">
      <Filter>3rd\glm\gtx</Filter>
    </ClInclude>
    <ClInclude Include="..\3rd\glm\gtx\exterior_product.hpp">
      <Filter>3rd\glm\gtx</Filter>
    </ClInclude>
    <ClInclude Include="..\3rd\glm\gtx\fast_exponential.hpp">
      <Filter>3rd\glm\gtx</Filter>
    </ClInclude>
    <ClInclude Include="..\3rd\glm\gtx\fast_square_root.hpp">
      <Filter>3rd\glm\gtx</Filter>
    </ClInclude>
    <ClInclude Include="..\3rd\glm\gtx\fast_trigonometry.hpp">
      <Filter>3rd\glm\gtx</Filter>
    </ClInclude>
    <ClInclude Include="..\3rd\glm\gtx\functions.hpp">
      <Filter>3rd\glm\gtx</Filter>
    </ClInclude>
    <ClInclude Include="..\3rd\glm\gtx\gradient_paint.hpp">
      <Filter>3rd\glm\gtx</Filter>
    </ClInclude>
    <ClInclude Include="..\3rd\glm\gtx\handed_coordinate_space.hpp">
      <Filter>3rd\glm\gtx</Filter>
    </ClInclude>
    <ClInclude Include="..\3rd\glm\gtx\hash.hpp">
      <Filter>3rd\glm\gtx</Filter>
    </ClInclude>
    <ClInclude Include="..\3rd\glm\gtx\integer.hpp">
      <Filter>3rd\glm\gtx</Filter>
    </ClInclude>
    <ClInclude Include="..\3rd\glm\gtx\intersect.hpp">
      <Filter>3rd\glm\gtx</Filter>
    </ClInclude>
    <ClInclude Include="..\3rd\glm\gtx\io.hpp">
      <Filter>3rd\glm\gtx</Filter>
    </ClInclude>
    <ClInclude Include="..\3rd\glm\gtx\log_base.hpp">
      <Filter>3rd\glm\gtx</Filter>
    </ClInclude>
    <ClInclude Include="..\3rd\glm\gtx\matrix_cross_product.hpp">
      <Filter>3rd\glm\gtx</Filter>
    </ClInclude>
    <ClInclude Include="..\3rd\glm\gtx\matrix_decompose.hpp">
      <Filter>3rd\glm\gtx</Filter>
    </ClInclude>
    <ClInclude Include="..\3rd\glm\gtx\matrix_factorisation.hpp">
      <Filter>3rd\glm\gtx</Filter>
    </ClInclude>
    <ClInclude Include="..\3rd\glm\gtx\matrix_interpolation.hpp">
      <Filter>3rd\glm\gtx</Filter>
    </ClInclude>
    <ClInclude Include="..\3rd\glm\gtx\matrix_major_storage.hpp">
      <Filter>3rd\glm\gtx</Filter>
    </ClInclude>
    <ClInclude Include="..\3rd\glm\gtx\matrix_operation.hpp">
      <Filter>3rd\glm\gtx</Filter>
    </ClInclude>
    <ClInclude Include="..\3rd\glm\gtx\matrix_query.hpp">
      <Filter>3rd\glm\gtx</Filter>
    </ClInclude>
    <ClInclude Include="..\3rd\glm\gtx\matrix_transform_2d.hpp">
      <Filter>3rd\glm\gtx</Filter>
    </ClInclude>
    <ClInclude Include="..\3rd\glm\gtx\mixed_product.hpp">
      <Filter>3rd\glm\gtx</Filter>
    </ClInclude>
    <ClInclude Include="..\3rd\glm\gtx\norm.hpp">
      <Filter>3rd\glm\gtx</Filter>
    </ClInclude>
    <ClInclude Include="..\3rd\glm\gtx\normal.hpp">
      <Filter>3rd\glm\gtx</Filter>
    </ClInclude>
    <ClInclude Include="..\3rd\glm\gtx\normalize_dot.hpp">
      <Filter>3rd\glm\gtx</Filter>
    </ClInclude>
    <ClInclude Include="..\3rd\glm\gtx\number_precision.hpp">
      <Filter>3rd\glm\gtx</Filter>
    </ClInclude>
    <ClInclude Include="..\3rd\glm\gtx\optimum_pow.hpp">
      <Filter>3rd\glm\gtx</Filter>
    </ClInclude>
    <ClInclude Include="..\3rd\glm\gtx\orthonormalize.hpp">
      <Filter>3rd\glm\gtx</Filter>
    </ClInclude>
    <ClInclude Include="..\3rd\glm\gtx\pca.hpp">
      <Filter>3rd\glm\gtx</Filter>
    </ClInclude>
    <ClInclude Include="..\3rd\glm\gtx\perpendicular.hpp">
      <Filter>3rd\glm\gtx</Filter>
    </ClInclude>
    <ClInclude Include="..\3rd\glm\gtx\polar_coordinates.hpp">
      <Filter>3rd\glm\gtx</Filter>
    </ClInclude>
    <ClInclude Include="..\3rd\glm\gtx\projection.hpp">
      <Filter>3rd\glm\gtx</Filter>
    </ClInclude>
    <ClInclude Include="..\3rd\glm\gtx\quaternion.hpp">
      <Filter>3rd\glm\gtx</Filter>
    </ClInclude>
    <ClInclude Include="..\3rd\glm\gtx\range.hpp">
      <Filter>3rd\glm\gtx</Filter>
    </ClInclude>
    <ClInclude Include="..\3rd\glm\gtx\raw_data.hpp">
      <Filter>3rd\glm\gtx</Filter>
    </ClInclude>
    <ClInclude Include="..\3rd\glm\gtx\rotate_normalized_axis.hpp">
      <Filter>3rd\glm\gtx</Filter>
    </ClInclude>
    <ClInclude Include="..\3rd\glm\gtx\rotate_vector.hpp">
      <Filter>3rd\glm\gtx</Filter>
    </ClInclude>
    <ClInclude Include="..\3rd\glm\gtx\scalar_multiplication.hpp">
      <Filter>3rd\glm\gtx</Filter>
    </ClInclude>
    <ClInclude Include="..\3rd\glm\gtx\scalar_relational.hpp">
      <Filter>3rd\glm\gtx</Filter>
    </ClInclude>
    <ClInclude Include="..\3rd\glm\gtx\spline.hpp">
      <Filter>3rd\glm\gtx</Filter>
    </ClInclude>
    <ClInclude Include="..\3rd\glm\gtx\std_based_type.hpp">
      <Filter>3rd\glm\gtx</Filter>
    </ClInclude>
    <ClInclude Include="..\3rd\glm\gtx\string_cast.hpp">
      <Filter>3rd\glm\gtx</Filter>
    </ClInclude>
    <ClInclude Include="..\3rd\glm\gtx\texture.hpp">
      <Filter>3rd\glm\gtx</Filter>
    </ClInclude>
    <ClInclude Include="..\3rd\glm\gtx\transform.hpp">
      <Filter>3rd\glm\gtx</Filter>
    </ClInclude>
    <ClInclude Include="..\3rd\glm\gtx\transform2.hpp">
      <Filter>3rd\glm\gtx</Filter>
    </ClInclude>
    <ClInclude Include="..\3rd\glm\gtx\type_aligned.hpp">
      <Filter>3rd\glm\gtx</Filter>
    </ClInclude>
    <ClInclude Include="..\3rd\glm\gtx\type_trait.hpp">
      <Filter>3rd\glm\gtx</Filter>
    </ClInclude>
    <ClInclude Include="..\3rd\glm\gtx\vec_swizzle.hpp">
      <Filter>3rd\glm\gtx</Filter>
    </ClInclude>
    <ClInclude Include="..\3rd\glm\gtx\vector_angle.hpp">
      <Filter>3rd\glm\gtx</Filter>
    </ClInclude>
    <ClInclude Include="..\3rd\glm\gtx\vector_query.hpp">
      <Filter>3rd\glm\gtx</Filter>
    </ClInclude>
    <ClInclude Include="..\3rd\glm\gtx\wrap.hpp">
      <Filter>3rd\glm\gtx</Filter>
    </ClInclude>
    <ClInclude Include="inc\Camera.h">
      <Filter>inc</Filter>
    </ClInclude>
    <ClInclude Include="inc\OrthographicCamera.h">
      <Filter>inc</Filter>
    </ClInclude>
    <ClInclude Include="inc\PerspectiveCamera.h">
      <Filter>inc</Filter>
    </ClInclude>
    <ClInclude Include="inc\CameraControl.h">
      <Filter>inc</Filter>
    </ClInclude>
    <ClInclude Include="inc\TrackBallCameraControl.h">
      <Filter>inc</Filter>
    </ClInclude>
    <ClInclude Include="inc\GameCameraControl.h">
      <Filter>inc</Filter>
    </ClInclude>
    <ClInclude Include="inc\Geometry.h">
      <Filter>inc</Filter>
    </ClInclude>
    <ClInclude Include="inc\Object.h">
      <Filter>inc</Filter>
    </ClInclude>
    <ClInclude Include="inc\Material.h">
      <Filter>inc</Filter>
    </ClInclude>
    <ClInclude Include="inc\PhongMaterial.h">
      <Filter>inc</Filter>
    </ClInclude>
    <ClInclude Include="inc\Mesh.h">
      <Filter>inc</Filter>
    </ClInclude>
    <ClInclude Include="inc\Light.h">
      <Filter>inc</Filter>
    </ClInclude>
    <ClInclude Include="inc\AmbientLight.h">
      <Filter>inc</Filter>
    </ClInclude>
    <ClInclude Include="inc\DirectionalLight.h">
      <Filter>inc</Filter>
    </ClInclude>
    <ClInclude Include="inc\Renderer.h">
      <Filter>inc</Filter>
    </ClInclude>
  </ItemGroup>
  <ItemGroup>
    <None Include="assets\shaders\phong.frag">
      <Filter>assets\shaders</Filter>
    </None>
    <None Include="assets\shaders\phong.vert">
      <Filter>assets\shaders</Filter>
    </None>
    <None Include="..\3rd\glm\detail\func_common.inl">
      <Filter>3rd\glm\detail</Filter>
    </None>
    <None Include="..\3rd\glm\detail\func_common_simd.inl">
      <Filter>3rd\glm\detail</Filter>
    </None>
    <None Include="..\3rd\glm\detail\func_exponential.inl">
      <Filter>3rd\glm\detail</Filter>
    </None>
    <None Include="..\3rd\glm\detail\func_exponential_simd.inl">
      <Filter>3rd\glm\detail</Filter>
    </None>
    <None Include="..\3rd\glm\detail\func_geometric.inl">
      <Filter>3rd\glm\detail</Filter>
    </None>
    <None Include="..\3rd\glm\detail\func_geometric_simd.inl">
      <Filter>3rd\glm\detail</Filter>
    </None>
    <None Include="..\3rd\glm\detail\func_integer.inl">
      <Filter>3rd\glm\detail</Filter>
    </None>
    <None Include="..\3rd\glm\detail\func_integer_simd.inl">
      <Filter>3rd\glm\detail</Filter>
    </None>
    <None Include="..\3rd\glm\detail\func_matrix.inl">
      <Filter>3rd\glm\detail</Filter>
    </None>
    <None Include="..\3rd\glm\detail\func_matrix_simd.inl">
      <Filter>3rd\glm\detail</Filter>
    </None>
    <None Include="..\3rd\glm\detail\func_packing.inl">
      <Filter>3rd\glm\detail</Filter>
    </None>
    <None Include="..\3rd\glm\detail\func_packing_simd.inl">
      <Filter>3rd\glm\detail</Filter>
    </None>
    <None Include="..\3rd\glm\detail\func_trigonometric.inl">
      <Filter>3rd\glm\detail</Filter>
    </None>
    <None Include="..\3rd\glm\detail\func_trigonometric_simd.inl">
      <Filter>3rd\glm\detail</Filter>
    </None>
    <None Include="..\3rd\glm\detail\func_vector_relational.inl">
      <Filter>3rd\glm\detail</Filter>
    </None>
    <None Include="..\3rd\glm\detail\func_vector_relational_simd.inl">
      <Filter>3rd\glm\detail</Filter>
    </None>
    <None Include="..\3rd\glm\detail\type_half.inl">
      <Filter>3rd\glm\detail</Filter>
    </None>
    <None Include="..\3rd\glm\detail\type_mat2x2.inl">
      <Filter>3rd\glm\detail</Filter>
    </None>
    <None Include="..\3rd\glm\detail\type_mat2x3.inl">
      <Filter>3rd\glm\detail</Filter>
    </None>
    <None Include="..\3rd\glm\detail\type_mat2x4.inl">
      <Filter>3rd\glm\detail</Filter>
    </None>
    <None Include="..\3rd\glm\detail\type_mat3x2.inl">
      <Filter>3rd\glm\detail</Filter>
    </None>
    <None Include="..\3rd\glm\detail\type_mat3x3.inl">
      <Filter>3rd\glm\detail</Filter>
    </None>
    <None Include="..\3rd\glm\detail\type_mat3x4.inl">
      <Filter>3rd\glm\detail</Filter>
    </None>
    <None Include="..\3rd\glm\detail\type_mat4x2.inl">
      <Filter>3rd\glm\detail</Filter>
    </None>
    <None Include="..\3rd\glm\detail\type_mat4x3.inl">
      <Filter>3rd\glm\detail</Filter>
    </None>
    <None Include="..\3rd\glm\detail\type_mat4x4.inl">
      <Filter>3rd\glm\detail</Filter>
    </None>
    <None Include="..\3rd\glm\detail\type_mat4x4_simd.inl">
      <Filter>3rd\glm\detail</Filter>
    </None>
    <None Include="..\3rd\glm\detail\type_quat.inl">
      <Filter>3rd\glm\detail</Filter>
    </None>
    <None Include="..\3rd\glm\detail\type_quat_simd.inl">
      <Filter>3rd\glm\detail</Filter>
    </None>
    <None Include="..\3rd\glm\detail\type_vec1.inl">
      <Filter>3rd\glm\detail</Filter>
    </None>
    <None Include="..\3rd\glm\detail\type_vec2.inl">
      <Filter>3rd\glm\detail</Filter>
    </None>
    <None Include="..\3rd\glm\detail\type_vec3.inl">
      <Filter>3rd\glm\detail</Filter>
    </None>
    <None Include="..\3rd\glm\detail\type_vec4.inl">
      <Filter>3rd\glm\detail</Filter>
    </None>
    <None Include="..\3rd\glm\detail\type_vec4_simd.inl">
      <Filter>3rd\glm\detail</Filter>
    </None>
    <None Include="..\3rd\glm\ext\matrix_clip_space.inl">
      <Filter>3rd\glm\ext</Filter>
    </None>
    <None Include="..\3rd\glm\ext\matrix_common.inl">
      <Filter>3rd\glm\ext</Filter>
    </None>
    <None Include="..\3rd\glm\ext\matrix_integer.inl">
      <Filter>3rd\glm\ext</Filter>
    </None>
    <None Include="..\3rd\glm\ext\matrix_projection.inl">
      <Filter>3rd\glm\ext</Filter>
    </None>
    <None Include="..\3rd\glm\ext\matrix_relational.inl">
      <Filter>3rd\glm\ext</Filter>
    </None>
    <None Include="..\3rd\glm\ext\matrix_transform.inl">
      <Filter>3rd\glm\ext</Filter>
    </None>
    <None Include="..\3rd\glm\ext\quaternion_common.inl">
      <Filter>3rd\glm\ext</Filter>
    </None>
    <None Include="..\3rd\glm\ext\quaternion_common_simd.inl">
      <Filter>3rd\glm\ext</Filter>
    </None>
    <None Include="..\3rd\glm\ext\quaternion_exponential.inl">
      <Filter>3rd\glm\ext</Filter>
    </None>
    <None Include="..\3rd\glm\ext\quaternion_geometric.inl">
      <Filter>3rd\glm\ext</Filter>
    </None>
    <None Include="..\3rd\glm\ext\quaternion_relational.inl">
      <Filter>3rd\glm\ext</Filter>
    </None>
    <None Include="..\3rd\glm\ext\quaternion_transform.inl">
      <Filter>3rd\glm\ext</Filter>
    </None>
    <None Include="..\3rd\glm\ext\quaternion_trigonometric.inl">
      <Filter>3rd\glm\ext</Filter>
    </None>
    <None Include="..\3rd\glm\ext\scalar_common.inl">
      <Filter>3rd\glm\ext</Filter>
    </None>
    <None Include="..\3rd\glm\ext\scalar_constants.inl">
      <Filter>3rd\glm\ext</Filter>
    </None>
    <None Include="..\3rd\glm\ext\scalar_integer.inl">
      <Filter>3rd\glm\ext</Filter>
    </None>
    <None Include="..\3rd\glm\ext\scalar_packing.inl">
      <Filter>3rd\glm\ext</Filter>
    </None>
    <None Include="..\3rd\glm\ext\scalar_reciprocal.inl">
      <Filter>3rd\glm\ext</Filter>
    </None>
    <None Include="..\3rd\glm\ext\scalar_relational.inl">
      <Filter>3rd\glm\ext</Filter>
    </None>
    <None Include="..\3rd\glm\ext\scalar_ulp.inl">
      <Filter>3rd\glm\ext</Filter>
    </None>
    <None Include="..\3rd\glm\ext\vector_common.inl">
      <Filter>3rd\glm\ext</Filter>
    </None>
    <None Include="..\3rd\glm\ext\vector_integer.inl">
      <Filter>3rd\glm\ext</Filter>
    </None>
    <None Include="..\3rd\glm\ext\vector_packing.inl">
      <Filter>3rd\glm\ext</Filter>
    </None>
    <None Include="..\3rd\glm\ext\vector_reciprocal.inl">
      <Filter>3rd\glm\ext</Filter>
    </None>
    <None Include="..\3rd\glm\ext\vector_relational.inl">
      <Filter>3rd\glm\ext</Filter>
    </None>
    <None Include="..\3rd\glm\ext\vector_ulp.inl">
      <Filter>3rd\glm\ext</Filter>
    </None>
    <None Include="..\3rd\glm\gtc\bitfield.inl">
      <Filter>3rd\glm\gtc</Filter>
    </None>
    <None Include="..\3rd\glm\gtc\color_space.inl">
      <Filter>3rd\glm\gtc</Filter>
    </None>
    <None Include="..\3rd\glm\gtc\constants.inl">
      <Filter>3rd\glm\gtc</Filter>
    </None>
    <None Include="..\3rd\glm\gtc\epsilon.inl">
      <Filter>3rd\glm\gtc</Filter>
    </None>
    <None Include="..\3rd\glm\gtc\integer.inl">
      <Filter>3rd\glm\gtc</Filter>
    </None>
    <None Include="..\3rd\glm\gtc\matrix_access.inl">
      <Filter>3rd\glm\gtc</Filter>
    </None>
    <None Include="..\3rd\glm\gtc\matrix_inverse.inl">
      <Filter>3rd\glm\gtc</Filter>
    </None>
    <None Include="..\3rd\glm\gtc\matrix_transform.inl">
      <Filter>3rd\glm\gtc</Filter>
    </None>
    <None Include="..\3rd\glm\gtc\noise.inl">
      <Filter>3rd\glm\gtc</Filter>
    </None>
    <None Include="..\3rd\glm\gtc\packing.inl">
      <Filter>3rd\glm\gtc</Filter>
    </None>
    <None Include="..\3rd\glm\gtc\quaternion.inl">
      <Filter>3rd\glm\gtc</Filter>
    </None>
    <None Include="..\3rd\glm\gtc\quaternion_simd.inl">
      <Filter>3rd\glm\gtc</Filter>
    </None>
    <None Include="..\3rd\glm\gtc\random.inl">
      <Filter>3rd\glm\gtc</Filter>
    </None>
    <None Include="..\3rd\glm\gtc\round.inl">
      <Filter>3rd\glm\gtc</Filter>
    </None>
    <None Include="..\3rd\glm\gtc\type_precision.inl">
      <Filter>3rd\glm\gtc</Filter>
    </None>
    <None Include="..\3rd\glm\gtc\type_ptr.inl">
      <Filter>3rd\glm\gtc</Filter>
    </None>
    <None Include="..\3rd\glm\gtc\ulp.inl">
      <Filter>3rd\glm\gtc</Filter>
    </None>
    <None Include="..\3rd\glm\gtx\associated_min_max.inl">
      <Filter>3rd\glm\gtx</Filter>
    </None>
    <None Include="..\3rd\glm\gtx\bit.inl">
      <Filter>3rd\glm\gtx</Filter>
    </None>
    <None Include="..\3rd\glm\gtx\closest_point.inl">
      <Filter>3rd\glm\gtx</Filter>
    </None>
    <None Include="..\3rd\glm\gtx\color_encoding.inl">
      <Filter>3rd\glm\gtx</Filter>
    </None>
    <None Include="..\3rd\glm\gtx\color_space.inl">
      <Filter>3rd\glm\gtx</Filter>
    </None>
    <None Include="..\3rd\glm\gtx\color_space_YCoCg.inl">
      <Filter>3rd\glm\gtx</Filter>
    </None>
    <None Include="..\3rd\glm\gtx\common.inl">
      <Filter>3rd\glm\gtx</Filter>
    </None>
    <None Include="..\3rd\glm\gtx\compatibility.inl">
      <Filter>3rd\glm\gtx</Filter>
    </None>
    <None Include="..\3rd\glm\gtx\component_wise.inl">
      <Filter>3rd\glm\gtx</Filter>
    </None>
    <None Include="..\3rd\glm\gtx\dual_quaternion.inl">
      <Filter>3rd\glm\gtx</Filter>
    </None>
    <None Include="..\3rd\glm\gtx\easing.inl">
      <Filter>3rd\glm\gtx</Filter>
    </None>
    <None Include="..\3rd\glm\gtx\euler_angles.inl">
      <Filter>3rd\glm\gtx</Filter>
    </None>
    <None Include="..\3rd\glm\gtx\extend.inl">
      <Filter>3rd\glm\gtx</Filter>
    </None>
    <None Include="..\3rd\glm\gtx\extended_min_max.inl">
      <Filter>3rd\glm\gtx</Filter>
    </None>
    <None Include="..\3rd\glm\gtx\exterior_product.inl">
      <Filter>3rd\glm\gtx</Filter>
    </None>
    <None Include="..\3rd\glm\gtx\fast_exponential.inl">
      <Filter>3rd\glm\gtx</Filter>
    </None>
    <None Include="..\3rd\glm\gtx\fast_square_root.inl">
      <Filter>3rd\glm\gtx</Filter>
    </None>
    <None Include="..\3rd\glm\gtx\fast_trigonometry.inl">
      <Filter>3rd\glm\gtx</Filter>
    </None>
    <None Include="..\3rd\glm\gtx\float_notmalize.inl">
      <Filter>3rd\glm\gtx</Filter>
    </None>
    <None Include="..\3rd\glm\gtx\functions.inl">
      <Filter>3rd\glm\gtx</Filter>
    </None>
    <None Include="..\3rd\glm\gtx\gradient_paint.inl">
      <Filter>3rd\glm\gtx</Filter>
    </None>
    <None Include="..\3rd\glm\gtx\handed_coordinate_space.inl">
      <Filter>3rd\glm\gtx</Filter>
    </None>
    <None Include="..\3rd\glm\gtx\hash.inl">
      <Filter>3rd\glm\gtx</Filter>
    </None>
    <None Include="..\3rd\glm\gtx\integer.inl">
      <Filter>3rd\glm\gtx</Filter>
    </None>
    <None Include="..\3rd\glm\gtx\intersect.inl">
      <Filter>3rd\glm\gtx</Filter>
    </None>
    <None Include="..\3rd\glm\gtx\io.inl">
      <Filter>3rd\glm\gtx</Filter>
    </None>
    <None Include="..\3rd\glm\gtx\log_base.inl">
      <Filter>3rd\glm\gtx</Filter>
    </None>
    <None Include="..\3rd\glm\gtx\matrix_cross_product.inl">
      <Filter>3rd\glm\gtx</Filter>
    </None>
    <None Include="..\3rd\glm\gtx\matrix_decompose.inl">
      <Filter>3rd\glm\gtx</Filter>
    </None>
    <None Include="..\3rd\glm\gtx\matrix_factorisation.inl">
      <Filter>3rd\glm\gtx</Filter>
    </None>
    <None Include="..\3rd\glm\gtx\matrix_interpolation.inl">
      <Filter>3rd\glm\gtx</Filter>
    </None>
    <None Include="..\3rd\glm\gtx\matrix_major_storage.inl">
      <Filter>3rd\glm\gtx</Filter>
    </None>
    <None Include="..\3rd\glm\gtx\matrix_operation.inl">
      <Filter>3rd\glm\gtx</Filter>
    </None>
    <None Include="..\3rd\glm\gtx\matrix_query.inl">
      <Filter>3rd\glm\gtx</Filter>
    </None>
    <None Include="..\3rd\glm\gtx\matrix_transform_2d.inl">
      <Filter>3rd\glm\gtx</Filter>
    </None>
    <None Include="..\3rd\glm\gtx\mixed_product.inl">
      <Filter>3rd\glm\gtx</Filter>
    </None>
    <None Include="..\3rd\glm\gtx\norm.inl">
      <Filter>3rd\glm\gtx</Filter>
    </None>
    <None Include="..\3rd\glm\gtx\normal.inl">
      <Filter>3rd\glm\gtx</Filter>
    </None>
    <None Include="..\3rd\glm\gtx\normalize_dot.inl">
      <Filter>3rd\glm\gtx</Filter>
    </None>
    <None Include="..\3rd\glm\gtx\optimum_pow.inl">
      <Filter>3rd\glm\gtx</Filter>
    </None>
    <None Include="..\3rd\glm\gtx\orthonormalize.inl">
      <Filter>3rd\glm\gtx</Filter>
    </None>
    <None Include="..\3rd\glm\gtx\pca.inl">
      <Filter>3rd\glm\gtx</Filter>
    </None>
    <None Include="..\3rd\glm\gtx\perpendicular.inl">
      <Filter>3rd\glm\gtx</Filter>
    </None>
    <None Include="..\3rd\glm\gtx\polar_coordinates.inl">
      <Filter>3rd\glm\gtx</Filter>
    </None>
    <None Include="..\3rd\glm\gtx\projection.inl">
      <Filter>3rd\glm\gtx</Filter>
    </None>
    <None Include="..\3rd\glm\gtx\quaternion.inl">
      <Filter>3rd\glm\gtx</Filter>
    </None>
    <None Include="..\3rd\glm\gtx\raw_data.inl">
      <Filter>3rd\glm\gtx</Filter>
    </None>
    <None Include="..\3rd\glm\gtx\rotate_normalized_axis.inl">
      <Filter>3rd\glm\gtx</Filter>
    </None>
    <None Include="..\3rd\glm\gtx\rotate_vector.inl">
      <Filter>3rd\glm\gtx</Filter>
    </None>
    <None Include="..\3rd\glm\gtx\scalar_relational.inl">
      <Filter>3rd\glm\gtx</Filter>
    </None>
    <None Include="..\3rd\glm\gtx\spline.inl">
      <Filter>3rd\glm\gtx</Filter>
    </None>
    <None Include="..\3rd\glm\gtx\std_based_type.inl">
      <Filter>3rd\glm\gtx</Filter>
    </None>
    <None Include="..\3rd\glm\gtx\string_cast.inl">
      <Filter>3rd\glm\gtx</Filter>
    </None>
    <None Include="..\3rd\glm\gtx\texture.inl">
      <Filter>3rd\glm\gtx</Filter>
    </None>
    <None Include="..\3rd\glm\gtx\transform.inl">
      <Filter>3rd\glm\gtx</Filter>
    </None>
    <None Include="..\3rd\glm\gtx\transform2.inl">
      <Filter>3rd\glm\gtx</Filter>
    </None>
    <None Include="..\3rd\glm\gtx\type_aligned.inl">
      <Filter>3rd\glm\gtx</Filter>
    </None>
    <None Include="..\3rd\glm\gtx\type_trait.inl">
      <Filter>3rd\glm\gtx</Filter>
    </None>
    <None Include="..\3rd\glm\gtx\vector_angle.inl">
      <Filter>3rd\glm\gtx</Filter>
    </None>
    <None Include="..\3rd\glm\gtx\vector_query.inl">
      <Filter>3rd\glm\gtx</Filter>
    </None>
    <None Include="..\3rd\glm\gtx\wrap.inl">
      <Filter>3rd\glm\gtx</Filter>
    </None>
  </ItemGroup>
  <ItemGroup>
    <Image Include="assets\textures\goku.jpg">
      <Filter>assets\textures</Filter>
    </Image>
    <Image Include="assets\textures\hinata.jpg">
      <Filter>assets\textures</Filter>
    </Image>
    <Image Include="assets\textures\grass.jpg">
      <Filter>assets\textures</Filter>
    </Image>
    <Image Include="assets\textures\land.jpg">
      <Filter>assets\textures</Filter>
    </Image>
    <Image Include="assets\textures\noise.jpg">
      <Filter>assets\textures</Filter>
    </Image>
    <Image Include="assets\textures\wall.jpg">
      <Filter>assets\textures</Filter>
    </Image>
    <Image Include="assets\textures\luffy.jpg">
      <Filter>assets\textures</Filter>
    </Image>
    <Image Include="assets\textures\earth.png">
      <Filter>assets\textures</Filter>
    </Image>
    <Image Include="assets\textures\box.png">
      <Filter>assets\textures</Filter>
    </Image>
    <Image Include="assets\textures\sp_mask.png">
      <Filter>assets\textures</Filter>
    </Image>
  </ItemGroup>
  <ItemGroup>
    <Text Include="..\3rd\glm\CMakeLists.txt">
      <Filter>3rd\glm</Filter>
    </Text>
    <Text Include="..\3rd\glm\copying.txt">
      <Filter>3rd\glm</Filter>
    </Text>
  </ItemGroup>
</Project>