
Microsoft Visual Studio Solution File, Format Version 12.00
# Visual Studio Version 17
VisualStudioVersion = 17.14.36401.2
MinimumVisualStudioVersion = 10.0.40219.1
Project("{8BC9CEB8-8B4A-11D0-8D11-00A0C91BC942}") = "base", "base\base.vcxproj", "{7DAC5108-50C3-4EE3-A373-A78B4520A2E5}"
EndProject
Project("{8BC9CEB8-8B4A-11D0-8D11-00A0C91BC942}") = "uv", "uv\uv.vcxproj", "{598D34E5-5731-4892-A918-EB31E87E07B4}"
EndProject
Project("{8BC9CEB8-8B4A-11D0-8D11-00A0C91BC942}") = "3d", "3d\3d.vcxproj", "{E9C08A96-9B7E-4DC4-A12F-B8D16A583B07}"
EndProject
Project("{8BC9CEB8-8B4A-11D0-8D11-00A0C91BC942}") = "camera", "camera\camera.vcxproj", "{64899C77-B138-443E-A91F-220E619D68CD}"
EndProject
Project("{8BC9CEB8-8B4A-11D0-8D11-00A0C91BC942}") = "opengles", "opengles\opengles.vcxproj", "{C0F0139A-4A50-4E35-904E-AA5134470949}"
EndProject
Project("{2150E333-8FDC-42A3-9474-1A3956D46DE8}") = "raster", "raster", "{02EA681E-C7D8-13C7-8484-4AC65E1B71E8}"
EndProject
Project("{2150E333-8FDC-42A3-9474-1A3956D46DE8}") = "opnegl", "opnegl", "{F6767FD9-CE73-4949-8DC2-5CE9CDC66468}"
EndProject
Global
	GlobalSection(SolutionConfigurationPlatforms) = preSolution
		Debug|x64 = Debug|x64
		Debug|x86 = Debug|x86
		Release|x64 = Release|x64
		Release|x86 = Release|x86
	EndGlobalSection
	GlobalSection(ProjectConfigurationPlatforms) = postSolution
		{7DAC5108-50C3-4EE3-A373-A78B4520A2E5}.Debug|x64.ActiveCfg = Debug|x64
		{7DAC5108-50C3-4EE3-A373-A78B4520A2E5}.Debug|x64.Build.0 = Debug|x64
		{7DAC5108-50C3-4EE3-A373-A78B4520A2E5}.Debug|x86.ActiveCfg = Debug|Win32
		{7DAC5108-50C3-4EE3-A373-A78B4520A2E5}.Debug|x86.Build.0 = Debug|Win32
		{7DAC5108-50C3-4EE3-A373-A78B4520A2E5}.Release|x64.ActiveCfg = Release|x64
		{7DAC5108-50C3-4EE3-A373-A78B4520A2E5}.Release|x64.Build.0 = Release|x64
		{7DAC5108-50C3-4EE3-A373-A78B4520A2E5}.Release|x86.ActiveCfg = Release|Win32
		{7DAC5108-50C3-4EE3-A373-A78B4520A2E5}.Release|x86.Build.0 = Release|Win32
		{598D34E5-5731-4892-A918-EB31E87E07B4}.Debug|x64.ActiveCfg = Debug|x64
		{598D34E5-5731-4892-A918-EB31E87E07B4}.Debug|x64.Build.0 = Debug|x64
		{598D34E5-5731-4892-A918-EB31E87E07B4}.Debug|x86.ActiveCfg = Debug|Win32
		{598D34E5-5731-4892-A918-EB31E87E07B4}.Debug|x86.Build.0 = Debug|Win32
		{598D34E5-5731-4892-A918-EB31E87E07B4}.Release|x64.ActiveCfg = Release|x64
		{598D34E5-5731-4892-A918-EB31E87E07B4}.Release|x64.Build.0 = Release|x64
		{598D34E5-5731-4892-A918-EB31E87E07B4}.Release|x86.ActiveCfg = Release|Win32
		{598D34E5-5731-4892-A918-EB31E87E07B4}.Release|x86.Build.0 = Release|Win32
		{E9C08A96-9B7E-4DC4-A12F-B8D16A583B07}.Debug|x64.ActiveCfg = Debug|x64
		{E9C08A96-9B7E-4DC4-A12F-B8D16A583B07}.Debug|x64.Build.0 = Debug|x64
		{E9C08A96-9B7E-4DC4-A12F-B8D16A583B07}.Debug|x86.ActiveCfg = Debug|Win32
		{E9C08A96-9B7E-4DC4-A12F-B8D16A583B07}.Debug|x86.Build.0 = Debug|Win32
		{E9C08A96-9B7E-4DC4-A12F-B8D16A583B07}.Release|x64.ActiveCfg = Release|x64
		{E9C08A96-9B7E-4DC4-A12F-B8D16A583B07}.Release|x64.Build.0 = Release|x64
		{E9C08A96-9B7E-4DC4-A12F-B8D16A583B07}.Release|x86.ActiveCfg = Release|Win32
		{E9C08A96-9B7E-4DC4-A12F-B8D16A583B07}.Release|x86.Build.0 = Release|Win32
		{64899C77-B138-443E-A91F-220E619D68CD}.Debug|x64.ActiveCfg = Debug|x64
		{64899C77-B138-443E-A91F-220E619D68CD}.Debug|x64.Build.0 = Debug|x64
		{64899C77-B138-443E-A91F-220E619D68CD}.Debug|x86.ActiveCfg = Debug|Win32
		{64899C77-B138-443E-A91F-220E619D68CD}.Debug|x86.Build.0 = Debug|Win32
		{64899C77-B138-443E-A91F-220E619D68CD}.Release|x64.ActiveCfg = Release|x64
		{64899C77-B138-443E-A91F-220E619D68CD}.Release|x64.Build.0 = Release|x64
		{64899C77-B138-443E-A91F-220E619D68CD}.Release|x86.ActiveCfg = Release|Win32
		{64899C77-B138-443E-A91F-220E619D68CD}.Release|x86.Build.0 = Release|Win32
		{C0F0139A-4A50-4E35-904E-AA5134470949}.Debug|x64.ActiveCfg = Debug|x64
		{C0F0139A-4A50-4E35-904E-AA5134470949}.Debug|x64.Build.0 = Debug|x64
		{C0F0139A-4A50-4E35-904E-AA5134470949}.Debug|x86.ActiveCfg = Debug|Win32
		{C0F0139A-4A50-4E35-904E-AA5134470949}.Debug|x86.Build.0 = Debug|Win32
		{C0F0139A-4A50-4E35-904E-AA5134470949}.Release|x64.ActiveCfg = Release|x64
		{C0F0139A-4A50-4E35-904E-AA5134470949}.Release|x64.Build.0 = Release|x64
		{C0F0139A-4A50-4E35-904E-AA5134470949}.Release|x86.ActiveCfg = Release|Win32
		{C0F0139A-4A50-4E35-904E-AA5134470949}.Release|x86.Build.0 = Release|Win32
	EndGlobalSection
	GlobalSection(SolutionProperties) = preSolution
		HideSolutionNode = FALSE
	EndGlobalSection
	GlobalSection(NestedProjects) = preSolution
		{7DAC5108-50C3-4EE3-A373-A78B4520A2E5} = {02EA681E-C7D8-13C7-8484-4AC65E1B71E8}
		{598D34E5-5731-4892-A918-EB31E87E07B4} = {02EA681E-C7D8-13C7-8484-4AC65E1B71E8}
		{E9C08A96-9B7E-4DC4-A12F-B8D16A583B07} = {02EA681E-C7D8-13C7-8484-4AC65E1B71E8}
		{64899C77-B138-443E-A91F-220E619D68CD} = {02EA681E-C7D8-13C7-8484-4AC65E1B71E8}
		{C0F0139A-4A50-4E35-904E-AA5134470949} = {F6767FD9-CE73-4949-8DC2-5CE9CDC66468}
	EndGlobalSection
	GlobalSection(ExtensibilityGlobals) = postSolution
		SolutionGuid = {C5B39D8B-7702-4004-8F95-C68A6F62C630}
	EndGlobalSection
EndGlobal
